
Microsoft Visual Studio Solution File, Format Version 12.00
# Visual Studio Version 16
VisualStudioVersion = 16.0.29123.88
MinimumVisualStudioVersion = 10.0.40219.1
Project("{9A19103F-16F7-4668-BE54-9A1E7A4F7556}") = "UJBApiGateway", "UJBApiGateway\UJBApiGateway.csproj", "{14FC3853-0091-48CF-82BC-F405314DD34A}"
EndProject
Project("{2150E333-8FDC-42A3-9474-1A3956D46DE8}") = "Services", "Services", "{352156A6-4A01-4C3C-9D7C-B7B3CDCD58ED}"
EndProject
Project("{2150E333-8FDC-42A3-9474-1A3956D46DE8}") = "Authentication", "Authentication", "{BFDE11EF-CE29-41E5-A094-CAA88F9A6CA4}"
EndProject
Project("{9A19103F-16F7-4668-BE54-9A1E7A4F7556}") = "Auth.Service", "Auth.Service\Auth.Service.csproj", "{1D25235A-F467-4E17-9EF9-2AECDAD930C8}"
EndProject
Project("{9A19103F-16F7-4668-BE54-9A1E7A4F7556}") = "UJBHelper", "UJBHelper\UJBHelper.csproj", "{8F46FE91-0917-4FE5-81AA-5A2D397D1083}"
EndProject
Project("{2150E333-8FDC-42A3-9474-1A3956D46DE8}") = "Business", "Business", "{3D678B2B-5B49-4C18-BE01-5091AAB7F63B}"
EndProject
Project("{9A19103F-16F7-4668-BE54-9A1E7A4F7556}") = "Business.Service", "Business.Service\Business.Service.csproj", "{11A47880-CFE0-43C3-9D7F-DA60BAC18343}"
EndProject
Project("{2150E333-8FDC-42A3-9474-1A3956D46DE8}") = "Reports", "Reports", "{7A2B1C36-3774-4054-8EA6-9A62FF2359CD}"
EndProject
Project("{9A19103F-16F7-4668-BE54-9A1E7A4F7556}") = "Reports.Service", "Reports.Service\Reports.Service.csproj", "{2178524F-BFEC-437D-A7C1-7FABD52ABF95}"
EndProject
Project("{2150E333-8FDC-42A3-9474-1A3956D46DE8}") = "Search", "Search", "{9144ED6C-834C-4A52-BE65-4E7488BB53E4}"
EndProject
Project("{9A19103F-16F7-4668-BE54-9A1E7A4F7556}") = "Search.Service", "Search.Service\Search.Service.csproj", "{003AF269-D646-4264-9322-3E3F38426E73}"
EndProject
Project("{2150E333-8FDC-42A3-9474-1A3956D46DE8}") = "Lead Management", "Lead Management", "{F092104C-8516-4A08-A4E1-F5D935B81223}"
EndProject
Project("{9A19103F-16F7-4668-BE54-9A1E7A4F7556}") = "Lead-Management.Service", "Lead-Management.Service\Lead-Management.Service.csproj", "{62535FB6-C770-44DF-AB6D-4259693C2669}"
EndProject
Project("{2150E333-8FDC-42A3-9474-1A3956D46DE8}") = "Promotion", "Promotion", "{B28BCFC7-E7E1-4530-A9C8-9D25F7409A1B}"
EndProject
Project("{2150E333-8FDC-42A3-9474-1A3956D46DE8}") = "Partner", "Partner", "{65B79EBB-299E-466A-A1D6-34E612F93A6F}"
EndProject
Project("{9A19103F-16F7-4668-BE54-9A1E7A4F7556}") = "Partner.Service", "Partner.service\Partner.Service.csproj", "{FF3FF0B6-C5BC-4F91-8AB8-48F0AB27B789}"
EndProject
Project("{9A19103F-16F7-4668-BE54-9A1E7A4F7556}") = "Promotion.Service", "Promotion.Service\Promotion.Service.csproj", "{BFF1A0FF-F3AF-4730-8148-D7C5D1F58051}"
EndProject
Project("{2150E333-8FDC-42A3-9474-1A3956D46DE8}") = "ExcelUpload", "ExcelUpload", "{CED10BD3-3230-4D18-9CF6-955D02AD877E}"
EndProject
Project("{9A19103F-16F7-4668-BE54-9A1E7A4F7556}") = "ExcelUpload.Service", "ExcelUpload.Service\ExcelUpload.Service.csproj", "{94ADD3B6-DF55-4160-8D41-BF78578F1A2B}"
EndProject
Project("{2150E333-8FDC-42A3-9474-1A3956D46DE8}") = "Notification", "Notification", "{D2C7F9C8-906D-4373-90FB-EE32C13A3E81}"
EndProject
Project("{FAE04EC0-301F-11D3-BF4B-00C04F79EFBC}") = "UJBNotification", "UJBNotification\UJBNotification.csproj", "{A9CCFF47-0A8C-4625-BC0C-2515EFFC55D9}"
EndProject
Project("{FAE04EC0-301F-11D3-BF4B-00C04F79EFBC}") = "UJBBirthdayService", "UJBBirthdayService\UJBBirthdayService.csproj", "{10D92B78-E7B5-432D-A1E7-FF223DEE4219}"
EndProject
Project("{9A19103F-16F7-4668-BE54-9A1E7A4F7556}") = "Notification.Service", "Notification.Service\Notification.Service.csproj", "{7C96F727-ED46-4E9F-A4C8-141E540BC627}"
EndProject
Project("{2150E333-8FDC-42A3-9474-1A3956D46DE8}") = "Susbscription", "Susbscription", "{704BCCE8-5AD4-4CAB-8796-79A8D6C0952B}"
EndProject
Project("{9A19103F-16F7-4668-BE54-9A1E7A4F7556}") = "Susbscription.Service", "Susbscription.Service\Susbscription.Service.csproj", "{A9CE9EE2-8576-4955-8433-D1B1978B0DB8}"
EndProject
Project("{FAE04EC0-301F-11D3-BF4B-00C04F79EFBC}") = "FollowupService", "FollowupService\FollowupService.csproj", "{B6955C2A-F04B-4513-BCA2-F30AB7D9FB46}"
EndProject
Project("{FAE04EC0-301F-11D3-BF4B-00C04F79EFBC}") = "SusbscriptionService", "Susbscription\SusbscriptionService.csproj", "{6ABB67F4-1685-48B7-B579-664FC3468E91}"
EndProject
Project("{FAE04EC0-301F-11D3-BF4B-00C04F79EFBC}") = "UJBNotification_Email", "Notification\UJBNotification_Email\UJBNotification_Email.csproj", "{413792B0-DA8F-4BC8-A432-EC08231ABB9B}"
EndProject
Project("{FAE04EC0-301F-11D3-BF4B-00C04F79EFBC}") = "UJBNotification_Push", "Notiification\UJBNotification_Push\UJBNotification_Push.csproj", "{8C8645EE-5562-4CDE-9D6C-864DAEA35B3C}"
EndProject
Project("{FAE04EC0-301F-11D3-BF4B-00C04F79EFBC}") = "UJBNotification_SMS", "Notification\UJBNotification_SMS\UJBNotification_SMS.csproj", "{574D866E-83FB-4759-AE53-990116CE457F}"
EndProject
Project("{2150E333-8FDC-42A3-9474-1A3956D46DE8}") = "LegalAgreement", "LegalAgreement", "{313DF437-5280-4074-9BC1-E61690FC9F08}"
EndProject
Project("{9A19103F-16F7-4668-BE54-9A1E7A4F7556}") = "LegalAgreement.Service", "LegalAgreement.Service\LegalAgreement.Service.csproj", "{718AA836-27A1-4765-AA10-8AE38A644F74}"
EndProject
Global
	GlobalSection(SolutionConfigurationPlatforms) = preSolution
		Debug|Any CPU = Debug|Any CPU
		Release|Any CPU = Release|Any CPU
	EndGlobalSection
	GlobalSection(ProjectConfigurationPlatforms) = postSolution
		{14FC3853-0091-48CF-82BC-F405314DD34A}.Debug|Any CPU.ActiveCfg = Debug|Any CPU
		{14FC3853-0091-48CF-82BC-F405314DD34A}.Debug|Any CPU.Build.0 = Debug|Any CPU
		{14FC3853-0091-48CF-82BC-F405314DD34A}.Release|Any CPU.ActiveCfg = Release|Any CPU
		{14FC3853-0091-48CF-82BC-F405314DD34A}.Release|Any CPU.Build.0 = Release|Any CPU
		{1D25235A-F467-4E17-9EF9-2AECDAD930C8}.Debug|Any CPU.ActiveCfg = Debug|Any CPU
		{1D25235A-F467-4E17-9EF9-2AECDAD930C8}.Debug|Any CPU.Build.0 = Debug|Any CPU
		{1D25235A-F467-4E17-9EF9-2AECDAD930C8}.Release|Any CPU.ActiveCfg = Release|Any CPU
		{1D25235A-F467-4E17-9EF9-2AECDAD930C8}.Release|Any CPU.Build.0 = Release|Any CPU
		{8F46FE91-0917-4FE5-81AA-5A2D397D1083}.Debug|Any CPU.ActiveCfg = Debug|Any CPU
		{8F46FE91-0917-4FE5-81AA-5A2D397D1083}.Debug|Any CPU.Build.0 = Debug|Any CPU
		{8F46FE91-0917-4FE5-81AA-5A2D397D1083}.Release|Any CPU.ActiveCfg = Release|Any CPU
		{8F46FE91-0917-4FE5-81AA-5A2D397D1083}.Release|Any CPU.Build.0 = Release|Any CPU
		{11A47880-CFE0-43C3-9D7F-DA60BAC18343}.Debug|Any CPU.ActiveCfg = Debug|Any CPU
		{11A47880-CFE0-43C3-9D7F-DA60BAC18343}.Debug|Any CPU.Build.0 = Debug|Any CPU
		{11A47880-CFE0-43C3-9D7F-DA60BAC18343}.Release|Any CPU.ActiveCfg = Release|Any CPU
		{11A47880-CFE0-43C3-9D7F-DA60BAC18343}.Release|Any CPU.Build.0 = Release|Any CPU
		{2178524F-BFEC-437D-A7C1-7FABD52ABF95}.Debug|Any CPU.ActiveCfg = Debug|Any CPU
		{2178524F-BFEC-437D-A7C1-7FABD52ABF95}.Debug|Any CPU.Build.0 = Debug|Any CPU
		{2178524F-BFEC-437D-A7C1-7FABD52ABF95}.Release|Any CPU.ActiveCfg = Release|Any CPU
		{2178524F-BFEC-437D-A7C1-7FABD52ABF95}.Release|Any CPU.Build.0 = Release|Any CPU
		{003AF269-D646-4264-9322-3E3F38426E73}.Debug|Any CPU.ActiveCfg = Debug|Any CPU
		{003AF269-D646-4264-9322-3E3F38426E73}.Debug|Any CPU.Build.0 = Debug|Any CPU
		{003AF269-D646-4264-9322-3E3F38426E73}.Release|Any CPU.ActiveCfg = Release|Any CPU
		{003AF269-D646-4264-9322-3E3F38426E73}.Release|Any CPU.Build.0 = Release|Any CPU
		{62535FB6-C770-44DF-AB6D-4259693C2669}.Debug|Any CPU.ActiveCfg = Debug|Any CPU
		{62535FB6-C770-44DF-AB6D-4259693C2669}.Debug|Any CPU.Build.0 = Debug|Any CPU
		{62535FB6-C770-44DF-AB6D-4259693C2669}.Release|Any CPU.ActiveCfg = Release|Any CPU
		{62535FB6-C770-44DF-AB6D-4259693C2669}.Release|Any CPU.Build.0 = Release|Any CPU
		{FF3FF0B6-C5BC-4F91-8AB8-48F0AB27B789}.Debug|Any CPU.ActiveCfg = Debug|Any CPU
		{FF3FF0B6-C5BC-4F91-8AB8-48F0AB27B789}.Debug|Any CPU.Build.0 = Debug|Any CPU
		{FF3FF0B6-C5BC-4F91-8AB8-48F0AB27B789}.Release|Any CPU.ActiveCfg = Release|Any CPU
		{FF3FF0B6-C5BC-4F91-8AB8-48F0AB27B789}.Release|Any CPU.Build.0 = Release|Any CPU
		{BFF1A0FF-F3AF-4730-8148-D7C5D1F58051}.Debug|Any CPU.ActiveCfg = Debug|Any CPU
		{BFF1A0FF-F3AF-4730-8148-D7C5D1F58051}.Debug|Any CPU.Build.0 = Debug|Any CPU
		{BFF1A0FF-F3AF-4730-8148-D7C5D1F58051}.Release|Any CPU.ActiveCfg = Release|Any CPU
		{BFF1A0FF-F3AF-4730-8148-D7C5D1F58051}.Release|Any CPU.Build.0 = Release|Any CPU
		{94ADD3B6-DF55-4160-8D41-BF78578F1A2B}.Debug|Any CPU.ActiveCfg = Debug|Any CPU
		{94ADD3B6-DF55-4160-8D41-BF78578F1A2B}.Debug|Any CPU.Build.0 = Debug|Any CPU
		{94ADD3B6-DF55-4160-8D41-BF78578F1A2B}.Release|Any CPU.ActiveCfg = Release|Any CPU
		{94ADD3B6-DF55-4160-8D41-BF78578F1A2B}.Release|Any CPU.Build.0 = Release|Any CPU
		{A9CCFF47-0A8C-4625-BC0C-2515EFFC55D9}.Debug|Any CPU.ActiveCfg = Debug|Any CPU
		{A9CCFF47-0A8C-4625-BC0C-2515EFFC55D9}.Debug|Any CPU.Build.0 = Debug|Any CPU
		{A9CCFF47-0A8C-4625-BC0C-2515EFFC55D9}.Release|Any CPU.ActiveCfg = Release|Any CPU
		{A9CCFF47-0A8C-4625-BC0C-2515EFFC55D9}.Release|Any CPU.Build.0 = Release|Any CPU
		{10D92B78-E7B5-432D-A1E7-FF223DEE4219}.Debug|Any CPU.ActiveCfg = Debug|Any CPU
		{10D92B78-E7B5-432D-A1E7-FF223DEE4219}.Debug|Any CPU.Build.0 = Debug|Any CPU
		{10D92B78-E7B5-432D-A1E7-FF223DEE4219}.Release|Any CPU.ActiveCfg = Release|Any CPU
		{10D92B78-E7B5-432D-A1E7-FF223DEE4219}.Release|Any CPU.Build.0 = Release|Any CPU
		{7C96F727-ED46-4E9F-A4C8-141E540BC627}.Debug|Any CPU.ActiveCfg = Debug|Any CPU
		{7C96F727-ED46-4E9F-A4C8-141E540BC627}.Debug|Any CPU.Build.0 = Debug|Any CPU
		{7C96F727-ED46-4E9F-A4C8-141E540BC627}.Release|Any CPU.ActiveCfg = Release|Any CPU
		{7C96F727-ED46-4E9F-A4C8-141E540BC627}.Release|Any CPU.Build.0 = Release|Any CPU
		{A9CE9EE2-8576-4955-8433-D1B1978B0DB8}.Debug|Any CPU.ActiveCfg = Debug|Any CPU
		{A9CE9EE2-8576-4955-8433-D1B1978B0DB8}.Debug|Any CPU.Build.0 = Debug|Any CPU
		{A9CE9EE2-8576-4955-8433-D1B1978B0DB8}.Release|Any CPU.ActiveCfg = Release|Any CPU
		{A9CE9EE2-8576-4955-8433-D1B1978B0DB8}.Release|Any CPU.Build.0 = Release|Any CPU
		{B6955C2A-F04B-4513-BCA2-F30AB7D9FB46}.Debug|Any CPU.ActiveCfg = Debug|Any CPU
		{B6955C2A-F04B-4513-BCA2-F30AB7D9FB46}.Debug|Any CPU.Build.0 = Debug|Any CPU
		{B6955C2A-F04B-4513-BCA2-F30AB7D9FB46}.Release|Any CPU.ActiveCfg = Release|Any CPU
		{B6955C2A-F04B-4513-BCA2-F30AB7D9FB46}.Release|Any CPU.Build.0 = Release|Any CPU
		{6ABB67F4-1685-48B7-B579-664FC3468E91}.Debug|Any CPU.ActiveCfg = Debug|Any CPU
		{6ABB67F4-1685-48B7-B579-664FC3468E91}.Debug|Any CPU.Build.0 = Debug|Any CPU
		{6ABB67F4-1685-48B7-B579-664FC3468E91}.Release|Any CPU.ActiveCfg = Release|Any CPU
		{6ABB67F4-1685-48B7-B579-664FC3468E91}.Release|Any CPU.Build.0 = Release|Any CPU
		{413792B0-DA8F-4BC8-A432-EC08231ABB9B}.Debug|Any CPU.ActiveCfg = Debug|Any CPU
		{413792B0-DA8F-4BC8-A432-EC08231ABB9B}.Debug|Any CPU.Build.0 = Debug|Any CPU
		{413792B0-DA8F-4BC8-A432-EC08231ABB9B}.Release|Any CPU.ActiveCfg = Release|Any CPU
		{413792B0-DA8F-4BC8-A432-EC08231ABB9B}.Release|Any CPU.Build.0 = Release|Any CPU
		{8C8645EE-5562-4CDE-9D6C-864DAEA35B3C}.Debug|Any CPU.ActiveCfg = Debug|Any CPU
		{8C8645EE-5562-4CDE-9D6C-864DAEA35B3C}.Debug|Any CPU.Build.0 = Debug|Any CPU
		{8C8645EE-5562-4CDE-9D6C-864DAEA35B3C}.Release|Any CPU.ActiveCfg = Release|Any CPU
		{8C8645EE-5562-4CDE-9D6C-864DAEA35B3C}.Release|Any CPU.Build.0 = Release|Any CPU
		{574D866E-83FB-4759-AE53-990116CE457F}.Debug|Any CPU.ActiveCfg = Debug|Any CPU
		{574D866E-83FB-4759-AE53-990116CE457F}.Debug|Any CPU.Build.0 = Debug|Any CPU
		{574D866E-83FB-4759-AE53-990116CE457F}.Release|Any CPU.ActiveCfg = Release|Any CPU
		{574D866E-83FB-4759-AE53-990116CE457F}.Release|Any CPU.Build.0 = Release|Any CPU
		{718AA836-27A1-4765-AA10-8AE38A644F74}.Debug|Any CPU.ActiveCfg = Debug|Any CPU
		{718AA836-27A1-4765-AA10-8AE38A644F74}.Debug|Any CPU.Build.0 = Debug|Any CPU
		{718AA836-27A1-4765-AA10-8AE38A644F74}.Release|Any CPU.ActiveCfg = Release|Any CPU
		{718AA836-27A1-4765-AA10-8AE38A644F74}.Release|Any CPU.Build.0 = Release|Any CPU
	EndGlobalSection
	GlobalSection(SolutionProperties) = preSolution
		HideSolutionNode = FALSE
	EndGlobalSection
	GlobalSection(NestedProjects) = preSolution
		{BFDE11EF-CE29-41E5-A094-CAA88F9A6CA4} = {352156A6-4A01-4C3C-9D7C-B7B3CDCD58ED}
		{1D25235A-F467-4E17-9EF9-2AECDAD930C8} = {BFDE11EF-CE29-41E5-A094-CAA88F9A6CA4}
		{3D678B2B-5B49-4C18-BE01-5091AAB7F63B} = {352156A6-4A01-4C3C-9D7C-B7B3CDCD58ED}
		{11A47880-CFE0-43C3-9D7F-DA60BAC18343} = {3D678B2B-5B49-4C18-BE01-5091AAB7F63B}
		{7A2B1C36-3774-4054-8EA6-9A62FF2359CD} = {352156A6-4A01-4C3C-9D7C-B7B3CDCD58ED}
		{2178524F-BFEC-437D-A7C1-7FABD52ABF95} = {7A2B1C36-3774-4054-8EA6-9A62FF2359CD}
		{9144ED6C-834C-4A52-BE65-4E7488BB53E4} = {352156A6-4A01-4C3C-9D7C-B7B3CDCD58ED}
		{003AF269-D646-4264-9322-3E3F38426E73} = {9144ED6C-834C-4A52-BE65-4E7488BB53E4}
		{F092104C-8516-4A08-A4E1-F5D935B81223} = {352156A6-4A01-4C3C-9D7C-B7B3CDCD58ED}
		{62535FB6-C770-44DF-AB6D-4259693C2669} = {F092104C-8516-4A08-A4E1-F5D935B81223}
		{B28BCFC7-E7E1-4530-A9C8-9D25F7409A1B} = {352156A6-4A01-4C3C-9D7C-B7B3CDCD58ED}
		{65B79EBB-299E-466A-A1D6-34E612F93A6F} = {352156A6-4A01-4C3C-9D7C-B7B3CDCD58ED}
		{FF3FF0B6-C5BC-4F91-8AB8-48F0AB27B789} = {65B79EBB-299E-466A-A1D6-34E612F93A6F}
		{BFF1A0FF-F3AF-4730-8148-D7C5D1F58051} = {B28BCFC7-E7E1-4530-A9C8-9D25F7409A1B}
		{CED10BD3-3230-4D18-9CF6-955D02AD877E} = {352156A6-4A01-4C3C-9D7C-B7B3CDCD58ED}
		{94ADD3B6-DF55-4160-8D41-BF78578F1A2B} = {CED10BD3-3230-4D18-9CF6-955D02AD877E}
		{D2C7F9C8-906D-4373-90FB-EE32C13A3E81} = {352156A6-4A01-4C3C-9D7C-B7B3CDCD58ED}
		{A9CCFF47-0A8C-4625-BC0C-2515EFFC55D9} = {D2C7F9C8-906D-4373-90FB-EE32C13A3E81}
		{10D92B78-E7B5-432D-A1E7-FF223DEE4219} = {D2C7F9C8-906D-4373-90FB-EE32C13A3E81}
		{7C96F727-ED46-4E9F-A4C8-141E540BC627} = {D2C7F9C8-906D-4373-90FB-EE32C13A3E81}
		{704BCCE8-5AD4-4CAB-8796-79A8D6C0952B} = {352156A6-4A01-4C3C-9D7C-B7B3CDCD58ED}
		{A9CE9EE2-8576-4955-8433-D1B1978B0DB8} = {704BCCE8-5AD4-4CAB-8796-79A8D6C0952B}
		{B6955C2A-F04B-4513-BCA2-F30AB7D9FB46} = {D2C7F9C8-906D-4373-90FB-EE32C13A3E81}
		{6ABB67F4-1685-48B7-B579-664FC3468E91} = {D2C7F9C8-906D-4373-90FB-EE32C13A3E81}
		{413792B0-DA8F-4BC8-A432-EC08231ABB9B} = {D2C7F9C8-906D-4373-90FB-EE32C13A3E81}
		{8C8645EE-5562-4CDE-9D6C-864DAEA35B3C} = {D2C7F9C8-906D-4373-90FB-EE32C13A3E81}
		{574D866E-83FB-4759-AE53-990116CE457F} = {D2C7F9C8-906D-4373-90FB-EE32C13A3E81}
		{313DF437-5280-4074-9BC1-E61690FC9F08} = {352156A6-4A01-4C3C-9D7C-B7B3CDCD58ED}
		{718AA836-27A1-4765-AA10-8AE38A644F74} = {313DF437-5280-4074-9BC1-E61690FC9F08}
	EndGlobalSection
	GlobalSection(ExtensibilityGlobals) = postSolution
		SolutionGuid = {67F5EF38-216C-4624-9C0E-892CEC9A3A9D}
	EndGlobalSection
EndGlobal
